// !$*UTF8*$!
{
	archiveVersion = 1;
	classes = {
	};
	objectVersion = 50;
	objects = {

/* Begin PBXBuildFile section */
		9B9809A421E6DD5100AC76DE /* AppDelegate.m in Sources */ = {isa = PBXBuildFile; fileRef = 9B9809A321E6DD5100AC76DE /* AppDelegate.m */; };
		9B9809A721E6DD5100AC76DE /* ViewController.m in Sources */ = {isa = PBXBuildFile; fileRef = 9B9809A621E6DD5100AC76DE /* ViewController.m */; };
		9B9809AA21E6DD5100AC76DE /* Main.storyboard in Resources */ = {isa = PBXBuildFile; fileRef = 9B9809A821E6DD5100AC76DE /* Main.storyboard */; };
		9B9809AC21E6DD5200AC76DE /* Assets.xcassets in Resources */ = {isa = PBXBuildFile; fileRef = 9B9809AB21E6DD5200AC76DE /* Assets.xcassets */; };
		9B9809AF21E6DD5200AC76DE /* LaunchScreen.storyboard in Resources */ = {isa = PBXBuildFile; fileRef = 9B9809AD21E6DD5200AC76DE /* LaunchScreen.storyboard */; };
		9B9809B221E6DD5200AC76DE /* main.m in Sources */ = {isa = PBXBuildFile; fileRef = 9B9809B121E6DD5200AC76DE /* main.m */; };
		9B9809BC21E6DD5300AC76DE /* collectionViewTests.m in Sources */ = {isa = PBXBuildFile; fileRef = 9B9809BB21E6DD5300AC76DE /* collectionViewTests.m */; };
		9B9809C721E6DD5300AC76DE /* collectionViewUITests.m in Sources */ = {isa = PBXBuildFile; fileRef = 9B9809C621E6DD5300AC76DE /* collectionViewUITests.m */; };
		9B9809D621E7272800AC76DE /* TestViewController.m in Sources */ = {isa = PBXBuildFile; fileRef = 9B9809D521E7272800AC76DE /* TestViewController.m */; };
/* End PBXBuildFile section */

/* Begin PBXContainerItemProxy section */
		9B9809B821E6DD5300AC76DE /* PBXContainerItemProxy */ = {
			isa = PBXContainerItemProxy;
			containerPortal = 9B98099721E6DD5000AC76DE /* Project object */;
			proxyType = 1;
			remoteGlobalIDString = 9B98099E21E6DD5000AC76DE;
			remoteInfo = collectionView;
		};
		9B9809C321E6DD5300AC76DE /* PBXContainerItemProxy */ = {
			isa = PBXContainerItemProxy;
			containerPortal = 9B98099721E6DD5000AC76DE /* Project object */;
			proxyType = 1;
			remoteGlobalIDString = 9B98099E21E6DD5000AC76DE;
			remoteInfo = collectionView;
		};
/* End PBXContainerItemProxy section */

/* Begin PBXFileReference section */
		9B98099F21E6DD5000AC76DE /* collectionView.app */ = {isa = PBXFileReference; explicitFileType = wrapper.application; includeInIndex = 0; path = collectionView.app; sourceTree = BUILT_PRODUCTS_DIR; };
		9B9809A221E6DD5100AC76DE /* AppDelegate.h */ = {isa = PBXFileReference; lastKnownFileType = sourcecode.c.h; path = AppDelegate.h; sourceTree = "<group>"; };
		9B9809A321E6DD5100AC76DE /* AppDelegate.m */ = {isa = PBXFileReference; lastKnownFileType = sourcecode.c.objc; path = AppDelegate.m; sourceTree = "<group>"; };
		9B9809A521E6DD5100AC76DE /* ViewController.h */ = {isa = PBXFileReference; lastKnownFileType = sourcecode.c.h; path = ViewController.h; sourceTree = "<group>"; };
		9B9809A621E6DD5100AC76DE /* ViewController.m */ = {isa = PBXFileReference; lastKnownFileType = sourcecode.c.objc; path = ViewController.m; sourceTree = "<group>"; };
		9B9809A921E6DD5100AC76DE /* Base */ = {isa = PBXFileReference; lastKnownFileType = file.storyboard; name = Base; path = Base.lproj/Main.storyboard; sourceTree = "<group>"; };
		9B9809AB21E6DD5200AC76DE /* Assets.xcassets */ = {isa = PBXFileReference; lastKnownFileType = folder.assetcatalog; path = Assets.xcassets; sourceTree = "<group>"; };
		9B9809AE21E6DD5200AC76DE /* Base */ = {isa = PBXFileReference; lastKnownFileType = file.storyboard; name = Base; path = Base.lproj/LaunchScreen.storyboard; sourceTree = "<group>"; };
		9B9809B021E6DD5200AC76DE /* Info.plist */ = {isa = PBXFileReference; lastKnownFileType = text.plist.xml; path = Info.plist; sourceTree = "<group>"; };
		9B9809B121E6DD5200AC76DE /* main.m */ = {isa = PBXFileReference; lastKnownFileType = sourcecode.c.objc; path = main.m; sourceTree = "<group>"; };
		9B9809B721E6DD5300AC76DE /* collectionViewTests.xctest */ = {isa = PBXFileReference; explicitFileType = wrapper.cfbundle; includeInIndex = 0; path = collectionViewTests.xctest; sourceTree = BUILT_PRODUCTS_DIR; };
		9B9809BB21E6DD5300AC76DE /* collectionViewTests.m */ = {isa = PBXFileReference; lastKnownFileType = sourcecode.c.objc; path = collectionViewTests.m; sourceTree = "<group>"; };
		9B9809BD21E6DD5300AC76DE /* Info.plist */ = {isa = PBXFileReference; lastKnownFileType = text.plist.xml; path = Info.plist; sourceTree = "<group>"; };
		9B9809C221E6DD5300AC76DE /* collectionViewUITests.xctest */ = {isa = PBXFileReference; explicitFileType = wrapper.cfbundle; includeInIndex = 0; path = collectionViewUITests.xctest; sourceTree = BUILT_PRODUCTS_DIR; };
		9B9809C621E6DD5300AC76DE /* collectionViewUITests.m */ = {isa = PBXFileReference; lastKnownFileType = sourcecode.c.objc; path = collectionViewUITests.m; sourceTree = "<group>"; };
		9B9809C821E6DD5300AC76DE /* Info.plist */ = {isa = PBXFileReference; lastKnownFileType = text.plist.xml; path = Info.plist; sourceTree = "<group>"; };
		9B9809D421E7272800AC76DE /* TestViewController.h */ = {isa = PBXFileReference; lastKnownFileType = sourcecode.c.h; path = TestViewController.h; sourceTree = "<group>"; };
		9B9809D521E7272800AC76DE /* TestViewController.m */ = {isa = PBXFileReference; lastKnownFileType = sourcecode.c.objc; path = TestViewController.m; sourceTree = "<group>"; };
/* End PBXFileReference section */

/* Begin PBXFrameworksBuildPhase section */
		9B98099C21E6DD5000AC76DE /* Frameworks */ = {
			isa = PBXFrameworksBuildPhase;
			buildActionMask = 2147483647;
			files = (
			);
			runOnlyForDeploymentPostprocessing = 0;
		};
		9B9809B421E6DD5300AC76DE /* Frameworks */ = {
			isa = PBXFrameworksBuildPhase;
			buildActionMask = 2147483647;
			files = (
			);
			runOnlyForDeploymentPostprocessing = 0;
		};
		9B9809BF21E6DD5300AC76DE /* Frameworks */ = {
			isa = PBXFrameworksBuildPhase;
			buildActionMask = 2147483647;
			files = (
			);
			runOnlyForDeploymentPostprocessing = 0;
		};
/* End PBXFrameworksBuildPhase section */

/* Begin PBXGroup section */
		9B98099621E6DD5000AC76DE = {
			isa = PBXGroup;
			children = (
				9B9809A121E6DD5100AC76DE /* collectionView */,
				9B9809BA21E6DD5300AC76DE /* collectionViewTests */,
				9B9809C521E6DD5300AC76DE /* collectionViewUITests */,
				9B9809A021E6DD5000AC76DE /* Products */,
			);
			sourceTree = "<group>";
		};
		9B9809A021E6DD5000AC76DE /* Products */ = {
			isa = PBXGroup;
			children = (
				9B98099F21E6DD5000AC76DE /* collectionView.app */,
				9B9809B721E6DD5300AC76DE /* collectionViewTests.xctest */,
				9B9809C221E6DD5300AC76DE /* collectionViewUITests.xctest */,
			);
			name = Products;
			sourceTree = "<group>";
		};
		9B9809A121E6DD5100AC76DE /* collectionView */ = {
			isa = PBXGroup;
			children = (
				9B9809A221E6DD5100AC76DE /* AppDelegate.h */,
				9B9809A321E6DD5100AC76DE /* AppDelegate.m */,
				9B9809A521E6DD5100AC76DE /* ViewController.h */,
				9B9809A621E6DD5100AC76DE /* ViewController.m */,
				9B9809A821E6DD5100AC76DE /* Main.storyboard */,
				9B9809AB21E6DD5200AC76DE /* Assets.xcassets */,
				9B9809AD21E6DD5200AC76DE /* LaunchScreen.storyboard */,
				9B9809B021E6DD5200AC76DE /* Info.plist */,
				9B9809B121E6DD5200AC76DE /* main.m */,
				9B9809D421E7272800AC76DE /* TestViewController.h */,
				9B9809D521E7272800AC76DE /* TestViewController.m */,
			);
			path = collectionView;
			sourceTree = "<group>";
		};
		9B9809BA21E6DD5300AC76DE /* collectionViewTests */ = {
			isa = PBXGroup;
			children = (
				9B9809BB21E6DD5300AC76DE /* collectionViewTests.m */,
				9B9809BD21E6DD5300AC76DE /* Info.plist */,
			);
			path = collectionViewTests;
			sourceTree = "<group>";
		};
		9B9809C521E6DD5300AC76DE /* collectionViewUITests */ = {
			isa = PBXGroup;
			children = (
				9B9809C621E6DD5300AC76DE /* collectionViewUITests.m */,
				9B9809C821E6DD5300AC76DE /* Info.plist */,
			);
			path = collectionViewUITests;
			sourceTree = "<group>";
		};
/* End PBXGroup section */

/* Begin PBXNativeTarget section */
		9B98099E21E6DD5000AC76DE /* collectionView */ = {
			isa = PBXNativeTarget;
			buildConfigurationList = 9B9809CB21E6DD5300AC76DE /* Build configuration list for PBXNativeTarget "collectionView" */;
			buildPhases = (
				9B98099B21E6DD5000AC76DE /* Sources */,
				9B98099C21E6DD5000AC76DE /* Frameworks */,
				9B98099D21E6DD5000AC76DE /* Resources */,
			);
			buildRules = (
			);
			dependencies = (
			);
			name = collectionView;
			productName = collectionView;
			productReference = 9B98099F21E6DD5000AC76DE /* collectionView.app */;
			productType = "com.apple.product-type.application";
		};
		9B9809B621E6DD5300AC76DE /* collectionViewTests */ = {
			isa = PBXNativeTarget;
			buildConfigurationList = 9B9809CE21E6DD5300AC76DE /* Build configuration list for PBXNativeTarget "collectionViewTests" */;
			buildPhases = (
				9B9809B321E6DD5300AC76DE /* Sources */,
				9B9809B421E6DD5300AC76DE /* Frameworks */,
				9B9809B521E6DD5300AC76DE /* Resources */,
			);
			buildRules = (
			);
			dependencies = (
				9B9809B921E6DD5300AC76DE /* PBXTargetDependency */,
			);
			name = collectionViewTests;
			productName = collectionViewTests;
			productReference = 9B9809B721E6DD5300AC76DE /* collectionViewTests.xctest */;
			productType = "com.apple.product-type.bundle.unit-test";
		};
		9B9809C121E6DD5300AC76DE /* collectionViewUITests */ = {
			isa = PBXNativeTarget;
			buildConfigurationList = 9B9809D121E6DD5300AC76DE /* Build configuration list for PBXNativeTarget "collectionViewUITests" */;
			buildPhases = (
				9B9809BE21E6DD5300AC76DE /* Sources */,
				9B9809BF21E6DD5300AC76DE /* Frameworks */,
				9B9809C021E6DD5300AC76DE /* Resources */,
			);
			buildRules = (
			);
			dependencies = (
				9B9809C421E6DD5300AC76DE /* PBXTargetDependency */,
			);
			name = collectionViewUITests;
			productName = collectionViewUITests;
			productReference = 9B9809C221E6DD5300AC76DE /* collectionViewUITests.xctest */;
			productType = "com.apple.product-type.bundle.ui-testing";
		};
/* End PBXNativeTarget section */

/* Begin PBXProject section */
		9B98099721E6DD5000AC76DE /* Project object */ = {
			isa = PBXProject;
			attributes = {
				LastUpgradeCheck = 1010;
				ORGANIZATIONNAME = Lee;
				TargetAttributes = {
					9B98099E21E6DD5000AC76DE = {
						CreatedOnToolsVersion = 10.1;
					};
					9B9809B621E6DD5300AC76DE = {
						CreatedOnToolsVersion = 10.1;
						TestTargetID = 9B98099E21E6DD5000AC76DE;
					};
					9B9809C121E6DD5300AC76DE = {
						CreatedOnToolsVersion = 10.1;
						TestTargetID = 9B98099E21E6DD5000AC76DE;
					};
				};
			};
			buildConfigurationList = 9B98099A21E6DD5000AC76DE /* Build configuration list for PBXProject "collectionView" */;
			compatibilityVersion = "Xcode 9.3";
			developmentRegion = en;
			hasScannedForEncodings = 0;
			knownRegions = (
				en,
				Base,
			);
			mainGroup = 9B98099621E6DD5000AC76DE;
			productRefGroup = 9B9809A021E6DD5000AC76DE /* Products */;
			projectDirPath = "";
			projectRoot = "";
			targets = (
				9B98099E21E6DD5000AC76DE /* collectionView */,
				9B9809B621E6DD5300AC76DE /* collectionViewTests */,
				9B9809C121E6DD5300AC76DE /* collectionViewUITests */,
			);
		};
/* End PBXProject section */

/* Begin PBXResourcesBuildPhase section */
		9B98099D21E6DD5000AC76DE /* Resources */ = {
			isa = PBXResourcesBuildPhase;
			buildActionMask = 2147483647;
			files = (
				9B9809AF21E6DD5200AC76DE /* LaunchScreen.storyboard in Resources */,
				9B9809AC21E6DD5200AC76DE /* Assets.xcassets in Resources */,
				9B9809AA21E6DD5100AC76DE /* Main.storyboard in Resources */,
			);
			runOnlyForDeploymentPostprocessing = 0;
		};
		9B9809B521E6DD5300AC76DE /* Resources */ = {
			isa = PBXResourcesBuildPhase;
			buildActionMask = 2147483647;
			files = (
			);
			runOnlyForDeploymentPostprocessing = 0;
		};
		9B9809C021E6DD5300AC76DE /* Resources */ = {
			isa = PBXResourcesBuildPhase;
			buildActionMask = 2147483647;
			files = (
			);
			runOnlyForDeploymentPostprocessing = 0;
		};
/* End PBXResourcesBuildPhase section */

/* Begin PBXSourcesBuildPhase section */
		9B98099B21E6DD5000AC76DE /* Sources */ = {
			isa = PBXSourcesBuildPhase;
			buildActionMask = 2147483647;
			files = (
				9B9809A721E6DD5100AC76DE /* ViewController.m in Sources */,
				9B9809B221E6DD5200AC76DE /* main.m in Sources */,
				9B9809D621E7272800AC76DE /* TestViewController.m in Sources */,
				9B9809A421E6DD5100AC76DE /* AppDelegate.m in Sources */,
			);
			runOnlyForDeploymentPostprocessing = 0;
		};
		9B9809B321E6DD5300AC76DE /* Sources */ = {
			isa = PBXSourcesBuildPhase;
			buildActionMask = 2147483647;
			files = (
				9B9809BC21E6DD5300AC76DE /* collectionViewTests.m in Sources */,
			);
			runOnlyForDeploymentPostprocessing = 0;
		};
		9B9809BE21E6DD5300AC76DE /* Sources */ = {
			isa = PBXSourcesBuildPhase;
			buildActionMask = 2147483647;
			files = (
				9B9809C721E6DD5300AC76DE /* collectionViewUITests.m in Sources */,
			);
			runOnlyForDeploymentPostprocessing = 0;
		};
/* End PBXSourcesBuildPhase section */

/* Begin PBXTargetDependency section */
		9B9809B921E6DD5300AC76DE /* PBXTargetDependency */ = {
			isa = PBXTargetDependency;
			target = 9B98099E21E6DD5000AC76DE /* collectionView */;
			targetProxy = 9B9809B821E6DD5300AC76DE /* PBXContainerItemProxy */;
		};
		9B9809C421E6DD5300AC76DE /* PBXTargetDependency */ = {
			isa = PBXTargetDependency;
			target = 9B98099E21E6DD5000AC76DE /* collectionView */;
			targetProxy = 9B9809C321E6DD5300AC76DE /* PBXContainerItemProxy */;
		};
/* End PBXTargetDependency section */

/* Begin PBXVariantGroup section */
		9B9809A821E6DD5100AC76DE /* Main.storyboard */ = {
			isa = PBXVariantGroup;
			children = (
				9B9809A921E6DD5100AC76DE /* Base */,
			);
			name = Main.storyboard;
			sourceTree = "<group>";
		};
		9B9809AD21E6DD5200AC76DE /* LaunchScreen.storyboard */ = {
			isa = PBXVariantGroup;
			children = (
				9B9809AE21E6DD5200AC76DE /* Base */,
			);
			name = LaunchScreen.storyboard;
			sourceTree = "<group>";
		};
/* End PBXVariantGroup section */

/* Begin XCBuildConfiguration section */
		9B9809C921E6DD5300AC76DE /* Debug */ = {
			isa = XCBuildConfiguration;
			buildSettings = {
				ALWAYS_SEARCH_USER_PATHS = NO;
				CLANG_ANALYZER_NONNULL = YES;
				CLANG_ANALYZER_NUMBER_OBJECT_CONVERSION = YES_AGGRESSIVE;
				CLANG_CXX_LANGUAGE_STANDARD = "gnu++14";
				CLANG_CXX_LIBRARY = "libc++";
				CLANG_ENABLE_MODULES = YES;
				CLANG_ENABLE_OBJC_ARC = YES;
				CLANG_ENABLE_OBJC_WEAK = YES;
				CLANG_WARN_BLOCK_CAPTURE_AUTORELEASING = YES;
				CLANG_WARN_BOOL_CONVERSION = YES;
				CLANG_WARN_COMMA = YES;
				CLANG_WARN_CONSTANT_CONVERSION = YES;
				CLANG_WARN_DEPRECATED_OBJC_IMPLEMENTATIONS = YES;
				CLANG_WARN_DIRECT_OBJC_ISA_USAGE = YES_ERROR;
				CLANG_WARN_DOCUMENTATION_COMMENTS = YES;
				CLANG_WARN_EMPTY_BODY = YES;
				CLANG_WARN_ENUM_CONVERSION = YES;
				CLANG_WARN_INFINITE_RECURSION = YES;
				CLANG_WARN_INT_CONVERSION = YES;
				CLANG_WARN_NON_LITERAL_NULL_CONVERSION = YES;
				CLANG_WARN_OBJC_IMPLICIT_RETAIN_SELF = YES;
				CLANG_WARN_OBJC_LITERAL_CONVERSION = YES;
				CLANG_WARN_OBJC_ROOT_CLASS = YES_ERROR;
				CLANG_WARN_RANGE_LOOP_ANALYSIS = YES;
				CLANG_WARN_STRICT_PROTOTYPES = YES;
				CLANG_WARN_SUSPICIOUS_MOVE = YES;
				CLANG_WARN_UNGUARDED_AVAILABILITY = YES_AGGRESSIVE;
				CLANG_WARN_UNREACHABLE_CODE = YES;
				CLANG_WARN__DUPLICATE_METHOD_MATCH = YES;
				CODE_SIGN_IDENTITY = "iPhone Developer";
				COPY_PHASE_STRIP = NO;
				DEBUG_INFORMATION_FORMAT = dwarf;
				ENABLE_STRICT_OBJC_MSGSEND = YES;
				ENABLE_TESTABILITY = YES;
				GCC_C_LANGUAGE_STANDARD = gnu11;
				GCC_DYNAMIC_NO_PIC = NO;
				GCC_NO_COMMON_BLOCKS = YES;
				GCC_OPTIMIZATION_LEVEL = 0;
				GCC_PREPROCESSOR_DEFINITIONS = (
					"DEBUG=1",
					"$(inherited)",
				);
				GCC_WARN_64_TO_32_BIT_CONVERSION = YES;
				GCC_WARN_ABOUT_RETURN_TYPE = YES_ERROR;
				GCC_WARN_UNDECLARED_SELECTOR = YES;
				GCC_WARN_UNINITIALIZED_AUTOS = YES_AGGRESSIVE;
				GCC_WARN_UNUSED_FUNCTION = YES;
				GCC_WARN_UNUSED_VARIABLE = YES;
				IPHONEOS_DEPLOYMENT_TARGET = 12.1;
				MTL_ENABLE_DEBUG_INFO = INCLUDE_SOURCE;
				MTL_FAST_MATH = YES;
				ONLY_ACTIVE_ARCH = YES;
				SDKROOT = iphoneos;
			};
			name = Debug;
		};
		9B9809CA21E6DD5300AC76DE /* Release */ = {
			isa = XCBuildConfiguration;
			buildSettings = {
				ALWAYS_SEARCH_USER_PATHS = NO;
				CLANG_ANALYZER_NONNULL = YES;
				CLANG_ANALYZER_NUMBER_OBJECT_CONVERSION = YES_AGGRESSIVE;
				CLANG_CXX_LANGUAGE_STANDARD = "gnu++14";
				CLANG_CXX_LIBRARY = "libc++";
				CLANG_ENABLE_MODULES = YES;
				CLANG_ENABLE_OBJC_ARC = YES;
				CLANG_ENABLE_OBJC_WEAK = YES;
				CLANG_WARN_BLOCK_CAPTURE_AUTORELEASING = YES;
				CLANG_WARN_BOOL_CONVERSION = YES;
				CLANG_WARN_COMMA = YES;
				CLANG_WARN_CONSTANT_CONVERSION = YES;
				CLANG_WARN_DEPRECATED_OBJC_IMPLEMENTATIONS = YES;
				CLANG_WARN_DIRECT_OBJC_ISA_USAGE = YES_ERROR;
				CLANG_WARN_DOCUMENTATION_COMMENTS = YES;
				CLANG_WARN_EMPTY_BODY = YES;
				CLANG_WARN_ENUM_CONVERSION = YES;
				CLANG_WARN_INFINITE_RECURSION = YES;
				CLANG_WARN_INT_CONVERSION = YES;
				CLANG_WARN_NON_LITERAL_NULL_CONVERSION = YES;
				CLANG_WARN_OBJC_IMPLICIT_RETAIN_SELF = YES;
				CLANG_WARN_OBJC_LITERAL_CONVERSION = YES;
				CLANG_WARN_OBJC_ROOT_CLASS = YES_ERROR;
				CLANG_WARN_RANGE_LOOP_ANALYSIS = YES;
				CLANG_WARN_STRICT_PROTOTYPES = YES;
				CLANG_WARN_SUSPICIOUS_MOVE = YES;
				CLANG_WARN_UNGUARDED_AVAILABILITY = YES_AGGRESSIVE;
				CLANG_WARN_UNREACHABLE_CODE = YES;
				CLANG_WARN__DUPLICATE_METHOD_MATCH = YES;
				CODE_SIGN_IDENTITY = "iPhone Developer";
				COPY_PHASE_STRIP = NO;
				DEBUG_INFORMATION_FORMAT = "dwarf-with-dsym";
				ENABLE_NS_ASSERTIONS = NO;
				ENABLE_STRICT_OBJC_MSGSEND = YES;
				GCC_C_LANGUAGE_STANDARD = gnu11;
				GCC_NO_COMMON_BLOCKS = YES;
				GCC_WARN_64_TO_32_BIT_CONVERSION = YES;
				GCC_WARN_ABOUT_RETURN_TYPE = YES_ERROR;
				GCC_WARN_UNDECLARED_SELECTOR = YES;
				GCC_WARN_UNINITIALIZED_AUTOS = YES_AGGRESSIVE;
				GCC_WARN_UNUSED_FUNCTION = YES;
				GCC_WARN_UNUSED_VARIABLE = YES;
				IPHONEOS_DEPLOYMENT_TARGET = 12.1;
				MTL_ENABLE_DEBUG_INFO = NO;
				MTL_FAST_MATH = YES;
				SDKROOT = iphoneos;
				VALIDATE_PRODUCT = YES;
			};
			name = Release;
		};
		9B9809CC21E6DD5300AC76DE /* Debug */ = {
			isa = XCBuildConfiguration;
			buildSettings = {
				ASSETCATALOG_COMPILER_APPICON_NAME = AppIcon;
				CODE_SIGN_STYLE = Automatic;
				INFOPLIST_FILE = collectionView/Info.plist;
				LD_RUNPATH_SEARCH_PATHS = (
					"$(inherited)",
					"@executable_path/Frameworks",
				);
				PRODUCT_BUNDLE_IDENTIFIER = imy.collectionView;
				PRODUCT_NAME = "$(TARGET_NAME)";
				TARGETED_DEVICE_FAMILY = "1,2";
			};
			name = Debug;
		};
		9B9809CD21E6DD5300AC76DE /* Release */ = {
			isa = XCBuildConfiguration;
			buildSettings = {
				ASSETCATALOG_COMPILER_APPICON_NAME = AppIcon;
				CODE_SIGN_STYLE = Automatic;
				INFOPLIST_FILE = collectionView/Info.plist;
				LD_RUNPATH_SEARCH_PATHS = (
					"$(inherited)",
					"@executable_path/Frameworks",
				);
				PRODUCT_BUNDLE_IDENTIFIER = imy.collectionView;
				PRODUCT_NAME = "$(TARGET_NAME)";
				TARGETED_DEVICE_FAMILY = "1,2";
			};
			name = Release;
		};
		9B9809CF21E6DD5300AC76DE /* Debug */ = {
			isa = XCBuildConfiguration;
			buildSettings = {
				BUNDLE_LOADER = "$(TEST_HOST)";
				CODE_SIGN_STYLE = Automatic;
				INFOPLIST_FILE = collectionViewTests/Info.plist;
				LD_RUNPATH_SEARCH_PATHS = (
					"$(inherited)",
					"@executable_path/Frameworks",
					"@loader_path/Frameworks",
				);
				PRODUCT_BUNDLE_IDENTIFIER = imy.collectionViewTests;
				PRODUCT_NAME = "$(TARGET_NAME)";
				TARGETED_DEVICE_FAMILY = "1,2";
				TEST_HOST = "$(BUILT_PRODUCTS_DIR)/collectionView.app/collectionView";
			};
			name = Debug;
		};
		9B9809D021E6DD5300AC76DE /* Release */ = {
			isa = XCBuildConfiguration;
			buildSettings = {
				BUNDLE_LOADER = "$(TEST_HOST)";
				CODE_SIGN_STYLE = Automatic;
				INFOPLIST_FILE = collectionViewTests/Info.plist;
				LD_RUNPATH_SEARCH_PATHS = (
					"$(inherited)",
					"@executable_path/Frameworks",
					"@loader_path/Frameworks",
				);
				PRODUCT_BUNDLE_IDENTIFIER = imy.collectionViewTests;
				PRODUCT_NAME = "$(TARGET_NAME)";
				TARGETED_DEVICE_FAMILY = "1,2";
				TEST_HOST = "$(BUILT_PRODUCTS_DIR)/collectionView.app/collectionView";
			};
			name = Release;
		};
		9B9809D221E6DD5300AC76DE /* Debug */ = {
			isa = XCBuildConfiguration;
			buildSettings = {
				CODE_SIGN_STYLE = Automatic;
				INFOPLIST_FILE = collectionViewUITests/Info.plist;
				LD_RUNPATH_SEARCH_PATHS = (
					"$(inherited)",
					"@executable_path/Frameworks",
					"@loader_path/Frameworks",
				);
				PRODUCT_BUNDLE_IDENTIFIER = imy.collectionViewUITests;
				PRODUCT_NAME = "$(TARGET_NAME)";
				TARGETED_DEVICE_FAMILY = "1,2";
				TEST_TARGET_NAME = collectionView;
			};
			name = Debug;
		};
		9B9809D321E6DD5300AC76DE /* Release */ = {
			isa = XCBuildConfiguration;
			buildSettings = {
				CODE_SIGN_STYLE = Automatic;
				INFOPLIST_FILE = collectionViewUITests/Info.plist;
				LD_RUNPATH_SEARCH_PATHS = (
					"$(inherited)",
					"@executable_path/Frameworks",
					"@loader_path/Frameworks",
				);
				PRODUCT_BUNDLE_IDENTIFIER = imy.collectionViewUITests;
				PRODUCT_NAME = "$(TARGET_NAME)";
				TARGETED_DEVICE_FAMILY = "1,2";
				TEST_TARGET_NAME = collectionView;
			};
			name = Release;
		};
/* End XCBuildConfiguration section */

/* Begin XCConfigurationList section */
		9B98099A21E6DD5000AC76DE /* Build configuration list for PBXProject "collectionView" */ = {
			isa = XCConfigurationList;
			buildConfigurations = (
				9B9809C921E6DD5300AC76DE /* Debug */,
				9B9809CA21E6DD5300AC76DE /* Release */,
			);
			defaultConfigurationIsVisible = 0;
			defaultConfigurationName = Release;
		};
		9B9809CB21E6DD5300AC76DE /* Build configuration list for PBXNativeTarget "collectionView" */ = {
			isa = XCConfigurationList;
			buildConfigurations = (
				9B9809CC21E6DD5300AC76DE /* Debug */,
				9B9809CD21E6DD5300AC76DE /* Release */,
			);
			defaultConfigurationIsVisible = 0;
			defaultConfigurationName = Release;
		};
		9B9809CE21E6DD5300AC76DE /* Build configuration list for PBXNativeTarget "collectionViewTests" */ = {
			isa = XCConfigurationList;
			buildConfigurations = (
				9B9809CF21E6DD5300AC76DE /* Debug */,
				9B9809D021E6DD5300AC76DE /* Release */,
			);
			defaultConfigurationIsVisible = 0;
			defaultConfigurationName = Release;
		};
		9B9809D121E6DD5300AC76DE /* Build configuration list for PBXNativeTarget "collectionViewUITests" */ = {
			isa = XCConfigurationList;
			buildConfigurations = (
				9B9809D221E6DD5300AC76DE /* Debug */,
				9B9809D321E6DD5300AC76DE /* Release */,
			);
			defaultConfigurationIsVisible = 0;
			defaultConfigurationName = Release;
		};
/* End XCConfigurationList section */
	};
	rootObject = 9B98099721E6DD5000AC76DE /* Project object */;
}
